{
  "name": "dossier-explorer",
  "version": "0.2.0",
  "lockfileVersion": 1,
  "requires": true,
  "dependencies": {
    "octopus": {
      "version": "git+https://github.com/PrivateSky/octopus.git#ec0faf1b4c3ea162f784ad113210e9aa1a24d0fe",
      "from": "git+https://github.com/PrivateSky/octopus.git"
    }
  }
}
